
Microsoft Visual Studio Solution File, Format Version 12.00
# Visual Studio Version 17
VisualStudioVersion = 17.14.37314.3 d17.14
MinimumVisualStudioVersion = 10.0.40219.1
Project("{FAE04EC0-301F-11D3-BF4B-00C04F79EFBC}") = "CoffeeLoyalty", "CoffeeLoyalty.csproj", "{950076BF-8A76-6D4E-42A9-4C7C28B33AFC}"
EndProject
Global
	GlobalSection(SolutionConfigurationPlatforms) = preSolution
		Debug|Any CPU = Debug|Any CPU
		Release|Any CPU = Release|Any CPU
	EndGlobalSection
	GlobalSection(ProjectConfigurationPlatforms) = postSolution
		{950076BF-8A76-6D4E-42A9-4C7C28B33AFC}.Debug|Any CPU.ActiveCfg = Debug|Any CPU
		{950076BF-8A76-6D4E-42A9-4C7C28B33AFC}.Debug|Any CPU.Build.0 = Debug|Any CPU
		{950076BF-8A76-6D4E-42A9-4C7C28B33AFC}.Release|Any CPU.ActiveCfg = Release|Any CPU
		{950076BF-8A76-6D4E-42A9-4C7C28B33AFC}.Release|Any CPU.Build.0 = Release|Any CPU
	EndGlobalSection
	GlobalSection(SolutionProperties) = preSolution
		HideSolutionNode = FALSE
	EndGlobalSection
	GlobalSection(ExtensibilityGlobals) = postSolution
		SolutionGuid = {34E6D36E-37EF-4FAA-A29B-160122F7BC0E}
	EndGlobalSection
EndGlobal
